
Microsoft Visual Studio Solution File, Format Version 12.00
# Visual Studio Version 16
VisualStudioVersion = 16.0.29123.89
MinimumVisualStudioVersion = 10.0.40219.1
Project("{FAE04EC0-301F-11D3-BF4B-00C04F79EFBC}") = "DemoFormatter", "DemoFormatter.csproj", "{FA1BCDD0-C41E-4342-BB30-D7F13D05FEBD}"
EndProject
Global
	GlobalSection(SolutionConfigurationPlatforms) = preSolution
		Debug|Any CPU = Debug|Any CPU
		Release|Any CPU = Release|Any CPU
	EndGlobalSection
	GlobalSection(ProjectConfigurationPlatforms) = postSolution
		{FA1BCDD0-C41E-4342-BB30-D7F13D05FEBD}.Debug|Any CPU.ActiveCfg = Debug|Any CPU
		{FA1BCDD0-C41E-4342-BB30-D7F13D05FEBD}.Debug|Any CPU.Build.0 = Debug|Any CPU
		{FA1BCDD0-C41E-4342-BB30-D7F13D05FEBD}.Release|Any CPU.ActiveCfg = Release|Any CPU
		{FA1BCDD0-C41E-4342-BB30-D7F13D05FEBD}.Release|Any CPU.Build.0 = Release|Any CPU
	EndGlobalSection
	GlobalSection(SolutionProperties) = preSolution
		HideSolutionNode = FALSE
	EndGlobalSection
	GlobalSection(ExtensibilityGlobals) = postSolution
		SolutionGuid = {66AD1DD8-2290-4065-A985-D5B6955703E6}
	EndGlobalSection
EndGlobal
